# This file was autogenerated by Stack.
# You should not edit this file by hand.
# For more information, please see the documentation at:
#   https://docs.haskellstack.org/en/stable/lock_files

packages:
- completed:
    hackage: happy-1.20.1.1@sha256:a381633c5e8f9e9e5a8e1900930ce13172397b4677fcfcc08cd38eb3f73b61b1,5811
    pantry-tree:
      sha256: a5b8a3cd39ffabdf0deb31483eb97cc2c270083738ceeddff75a894a953f6b92
      size: 8615
  original:
    hackage: happy-1.20.1.1@sha256:a381633c5e8f9e9e5a8e1900930ce13172397b4677fcfcc08cd38eb3f73b61b1,5811
- completed:
    hackage: vinyl-0.13.0@sha256:0f247cd3f8682b30881a07de18e6fec52d540646fbcb328420049cc8d63cd407,3724
    pantry-tree:
      sha256: 860fb95820b595161cdbdec5f376100ebae2d14e5ef0dbe311546202f7525d01
      size: 1857
  original:
    hackage: vinyl-0.13.0@sha256:0f247cd3f8682b30881a07de18e6fec52d540646fbcb328420049cc8d63cd407
- completed:
    hackage: directory-1.3.8.5@sha256:fbeec9ec346e5272167f63dcb86af513b457a7b9fc36dc818e4c7b81608d612b,3166
    pantry-tree:
      sha256: d11130a0ca9e7c8720ed1ceef4e2f0d9be4b446e67e7d15d634763a5c952877e
      size: 3519
  original:
    hackage: directory-1.3.8.5@sha256:fbeec9ec346e5272167f63dcb86af513b457a7b9fc36dc818e4c7b81608d612b,3166
- completed:
    hackage: filepath-1.4.300.2@sha256:345cbb1afe414a09e47737e4d14cbd51891a734e67c0ef3d77a1439518bb81e8,5900
    pantry-tree:
      sha256: 2420f7addc917bf41970a8980f52abe431b1a0fb711b00795effbb289c8ea76c
      size: 3998
  original:
    hackage: filepath-1.4.300.2@sha256:345cbb1afe414a09e47737e4d14cbd51891a734e67c0ef3d77a1439518bb81e8,5900
- completed:
    hackage: unix-2.8.5.1@sha256:3f702a252a313a7bcb56e3908a14e7f9f1b40e41b7bdc8ae8a9605a1a8686f06,9808
    pantry-tree:
      sha256: b961320db69795a16c4ef4eebb0a3e7ddbbbe506fa1e22dde95ee8d8501bfbe5
      size: 5821
  original:
    hackage: unix-2.8.5.1@sha256:3f702a252a313a7bcb56e3908a14e7f9f1b40e41b7bdc8ae8a9605a1a8686f06,9808
- completed:
    hackage: binary-0.8.9.2@sha256:03381e511429c44d13990c6d76281c4fc2468371cede4fe684b0c98d9b7d5f5a,6611
    pantry-tree:
      sha256: 7fac13c81b45416bd082c34e31cc3ac19226dd15354f379156922ad4cfbe6285
      size: 1976
  original:
    hackage: binary-0.8.9.2@sha256:03381e511429c44d13990c6d76281c4fc2468371cede4fe684b0c98d9b7d5f5a,6611
- completed:
    hackage: data-array-byte-0.1.0.1@sha256:a4a1975fde77e289b605c45a3ef78d731d8c1834e4cef311152d910a1e94d98c,1989
    pantry-tree:
      sha256: 02f71ea84081a6e8d576e90511f76e476a397b53439ce4f73356e2f8df443a24
      size: 326
  original:
    hackage: data-array-byte-0.1.0.1@sha256:a4a1975fde77e289b605c45a3ef78d731d8c1834e4cef311152d910a1e94d98c,1989
- completed:
    hackage: text-1.2.5.0@sha256:92ea31d8b356b7fd62ac862b871dc1e134bd5db462d798313babf6aa6f69aca8,8180
    pantry-tree:
      sha256: 276acbbe2721afc580263cc387f15ce3266426b91e0440084a1b2ebf1838e10f
      size: 7395
  original:
    hackage: text-1.2.5.0@sha256:92ea31d8b356b7fd62ac862b871dc1e134bd5db462d798313babf6aa6f69aca8,8180
- completed:
    hackage: bytestring-0.12.1.0@sha256:98e79e1c97117143e4012983509ec95f7e5e4f6adff6914d07812a39f83404b9,9473
    pantry-tree:
      sha256: 89aac3892a1f67b0b18fec87ac3eaf417b8698e5f231a25b571ac91d085943d3
      size: 4650
  original:
    hackage: bytestring-0.12.1.0@sha256:98e79e1c97117143e4012983509ec95f7e5e4f6adff6914d07812a39f83404b9,9473
- completed:
    hackage: OpenGLRaw-3.3.4.0@sha256:26685d56510ea0332cd8657c5d035c5b48a743725a512e561365ce072e60d27c,25510
    pantry-tree:
      sha256: a7fd7cc558224c64bf7051a2027ae8bb517cbb5a79a43c37e3fac01e5f6c2aca
      size: 48782
  original:
    hackage: OpenGLRaw-3.3.4.0
- completed:
    hackage: ansi-terminal-0.11.3@sha256:cc499d5f4c09a7213cd752ee69dbb5a5b8f3d1c777274e609eea4bca5c68ac8c,3321
    pantry-tree:
      sha256: 71d732f3f95c8ddcebaa7645ff743dd91e680b5b5063e8707ef53d2eaf94c94e
      size: 1461
  original:
    hackage: ansi-terminal-0.11.3@sha256:cc499d5f4c09a7213cd752ee69dbb5a5b8f3d1c777274e609eea4bca5c68ac8c,3321
snapshots:
- completed:
    sha256: 210e15b7043e2783115afe16b0d54914b1611cdaa73f3ca3ca7f8e0847ff54e5
    size: 531237
    url: https://raw.githubusercontent.com/commercialhaskell/stackage-snapshots/master/lts/16/0.yaml
  original: lts-16.0
